
Microsoft Visual Studio Solution File, Format Version 12.00
# Visual Studio 14
VisualStudioVersion = 14.0.25420.1
MinimumVisualStudioVersion = 10.0.40219.1
Project("{8BC9CEB8-8B4A-11D0-8D11-00A0C91BC942}") = "TSR", "TSR\TSR.vcxproj", "{E1689022-94A8-44DA-B54E-FD1C59A24C2B}"
EndProject
Project("{8BC9CEB8-8B4A-11D0-8D11-00A0C91BC942}") = "OCR", "..\OCR\OCR.vcxproj", "{EDFFEE0B-180A-42FA-9E02-E1D03DCA1563}"
EndProject
Project("{8BC9CEB8-8B4A-11D0-8D11-00A0C91BC942}") = "util", "..\util\util.vcxproj", "{84928150-25CA-4432-96FF-09B649B3E68A}"
EndProject
Global
	GlobalSection(SolutionConfigurationPlatforms) = preSolution
		Debug|x64 = Debug|x64
		Release|x64 = Release|x64
	EndGlobalSection
	GlobalSection(ProjectConfigurationPlatforms) = postSolution
		{E1689022-94A8-44DA-B54E-FD1C59A24C2B}.Debug|x64.ActiveCfg = Debug|x64
		{E1689022-94A8-44DA-B54E-FD1C59A24C2B}.Debug|x64.Build.0 = Debug|x64
		{E1689022-94A8-44DA-B54E-FD1C59A24C2B}.Release|x64.ActiveCfg = Release|x64
		{E1689022-94A8-44DA-B54E-FD1C59A24C2B}.Release|x64.Build.0 = Release|x64
		{EDFFEE0B-180A-42FA-9E02-E1D03DCA1563}.Debug|x64.ActiveCfg = Debug|x64
		{EDFFEE0B-180A-42FA-9E02-E1D03DCA1563}.Debug|x64.Build.0 = Debug|x64
		{EDFFEE0B-180A-42FA-9E02-E1D03DCA1563}.Release|x64.ActiveCfg = Release|x64
		{EDFFEE0B-180A-42FA-9E02-E1D03DCA1563}.Release|x64.Build.0 = Release|x64
		{84928150-25CA-4432-96FF-09B649B3E68A}.Debug|x64.ActiveCfg = Debug|x64
		{84928150-25CA-4432-96FF-09B649B3E68A}.Debug|x64.Build.0 = Debug|x64
		{84928150-25CA-4432-96FF-09B649B3E68A}.Release|x64.ActiveCfg = Release|x64
		{84928150-25CA-4432-96FF-09B649B3E68A}.Release|x64.Build.0 = Release|x64
	EndGlobalSection
	GlobalSection(SolutionProperties) = preSolution
		HideSolutionNode = FALSE
	EndGlobalSection
EndGlobal
